
Microsoft Visual Studio Solution File, Format Version 12.00
# Visual Studio Version 17
VisualStudioVersion = 17.8.34316.72
MinimumVisualStudioVersion = 10.0.40219.1
Project("{FAE04EC0-301F-11D3-BF4B-00C04F79EFBC}") = "Projet1", "Projet1\Projet1.csproj", "{76AE6804-C3CB-4A67-BC91-C3D06649E3CA}"
EndProject
Global
	GlobalSection(SolutionConfigurationPlatforms) = preSolution
		Debug|Any CPU = Debug|Any CPU
		Release|Any CPU = Release|Any CPU
	EndGlobalSection
	GlobalSection(ProjectConfigurationPlatforms) = postSolution
		{76AE6804-C3CB-4A67-BC91-C3D06649E3CA}.Debug|Any CPU.ActiveCfg = Debug|Any CPU
		{76AE6804-C3CB-4A67-BC91-C3D06649E3CA}.Debug|Any CPU.Build.0 = Debug|Any CPU
		{76AE6804-C3CB-4A67-BC91-C3D06649E3CA}.Release|Any CPU.ActiveCfg = Release|Any CPU
		{76AE6804-C3CB-4A67-BC91-C3D06649E3CA}.Release|Any CPU.Build.0 = Release|Any CPU
	EndGlobalSection
	GlobalSection(SolutionProperties) = preSolution
		HideSolutionNode = FALSE
	EndGlobalSection
	GlobalSection(ExtensibilityGlobals) = postSolution
		SolutionGuid = {20D9CE79-E852-4C82-B924-78BAFA2E45B5}
	EndGlobalSection
EndGlobal
